
Microsoft Visual Studio Solution File, Format Version 12.00
# Visual Studio 15
Project("{FAE04EC0-301F-11D3-BF4B-00C04F79EFBC}") = "Assembly-CSharp", "Assembly-CSharp.csproj", "{A5971E2A-AC11-BAB8-3974-F8A90EDDD344}"
EndProject
Project("{FAE04EC0-301F-11D3-BF4B-00C04F79EFBC}") = "LunaWolfStudiosEditor.ScriptableSheets.Scanning", "LunaWolfStudiosEditor.ScriptableSheets.Scanning.csproj", "{ECCF86A9-9007-DD72-B368-EF795B37A81F}"
EndProject
Project("{FAE04EC0-301F-11D3-BF4B-00C04F79EFBC}") = "LunaWolfStudiosEditor.ScriptableSheets.Tables", "LunaWolfStudiosEditor.ScriptableSheets.Tables.csproj", "{89FF7160-ABB6-AA91-004F-6E33605741CA}"
EndProject
Project("{FAE04EC0-301F-11D3-BF4B-00C04F79EFBC}") = "LunaWolfStudiosEditor.ScriptableSheets", "LunaWolfStudiosEditor.ScriptableSheets.csproj", "{0E405CA2-45E8-7FC0-5A91-345605A4E5FC}"
EndProject
Project("{FAE04EC0-301F-11D3-BF4B-00C04F79EFBC}") = "LunaWolfStudiosEditor.ScriptableSheets.EditorTests", "LunaWolfStudiosEditor.ScriptableSheets.EditorTests.csproj", "{30961322-58C0-C30A-E701-9E3CE81378E4}"
EndProject
Project("{FAE04EC0-301F-11D3-BF4B-00C04F79EFBC}") = "LunaWolfStudiosEditor.ScriptableSheets.Layout", "LunaWolfStudiosEditor.ScriptableSheets.Layout.csproj", "{0CEA7C12-D878-3359-B363-C96AC629F9A0}"
EndProject
Project("{FAE04EC0-301F-11D3-BF4B-00C04F79EFBC}") = "LunaWolfStudiosEditor.ScriptableSheets.Shared", "LunaWolfStudiosEditor.ScriptableSheets.Shared.csproj", "{04C40DC3-9F93-DBD6-472E-88E07672B717}"
EndProject
Project("{FAE04EC0-301F-11D3-BF4B-00C04F79EFBC}") = "LunaWolfStudiosEditor.ScriptableSheets.PastePad", "LunaWolfStudiosEditor.ScriptableSheets.PastePad.csproj", "{EBD4EE3E-3779-A19D-2481-5053C143391C}"
EndProject
Project("{FAE04EC0-301F-11D3-BF4B-00C04F79EFBC}") = "LunaWolfStudiosEditor.ScriptableSheets.Comparables", "LunaWolfStudiosEditor.ScriptableSheets.Comparables.csproj", "{1B212ABE-01F8-3207-D4B4-C10AEA159980}"
EndProject
Project("{FAE04EC0-301F-11D3-BF4B-00C04F79EFBC}") = "LunaWolfStudiosEditor.ScriptableSheets.Serializables", "LunaWolfStudiosEditor.ScriptableSheets.Serializables.csproj", "{AB3A4892-D6F5-9EB3-AFDC-99E325DAFF06}"
EndProject
Global
	GlobalSection(SolutionConfigurationPlatforms) = preSolution
		Debug|Any CPU = Debug|Any CPU
		Release|Any CPU = Release|Any CPU
	EndGlobalSection
	GlobalSection(ProjectConfigurationPlatforms) = postSolution
		{A5971E2A-AC11-BAB8-3974-F8A90EDDD344}.Debug|Any CPU.ActiveCfg = Debug|Any CPU
		{A5971E2A-AC11-BAB8-3974-F8A90EDDD344}.Debug|Any CPU.Build.0 = Debug|Any CPU
		{A5971E2A-AC11-BAB8-3974-F8A90EDDD344}.Release|Any CPU.ActiveCfg = Release|Any CPU
		{A5971E2A-AC11-BAB8-3974-F8A90EDDD344}.Release|Any CPU.Build.0 = Release|Any CPU
		{ECCF86A9-9007-DD72-B368-EF795B37A81F}.Debug|Any CPU.ActiveCfg = Debug|Any CPU
		{ECCF86A9-9007-DD72-B368-EF795B37A81F}.Debug|Any CPU.Build.0 = Debug|Any CPU
		{ECCF86A9-9007-DD72-B368-EF795B37A81F}.Release|Any CPU.ActiveCfg = Release|Any CPU
		{ECCF86A9-9007-DD72-B368-EF795B37A81F}.Release|Any CPU.Build.0 = Release|Any CPU
		{89FF7160-ABB6-AA91-004F-6E33605741CA}.Debug|Any CPU.ActiveCfg = Debug|Any CPU
		{89FF7160-ABB6-AA91-004F-6E33605741CA}.Debug|Any CPU.Build.0 = Debug|Any CPU
		{89FF7160-ABB6-AA91-004F-6E33605741CA}.Release|Any CPU.ActiveCfg = Release|Any CPU
		{89FF7160-ABB6-AA91-004F-6E33605741CA}.Release|Any CPU.Build.0 = Release|Any CPU
		{0E405CA2-45E8-7FC0-5A91-345605A4E5FC}.Debug|Any CPU.ActiveCfg = Debug|Any CPU
		{0E405CA2-45E8-7FC0-5A91-345605A4E5FC}.Debug|Any CPU.Build.0 = Debug|Any CPU
		{0E405CA2-45E8-7FC0-5A91-345605A4E5FC}.Release|Any CPU.ActiveCfg = Release|Any CPU
		{0E405CA2-45E8-7FC0-5A91-345605A4E5FC}.Release|Any CPU.Build.0 = Release|Any CPU
		{30961322-58C0-C30A-E701-9E3CE81378E4}.Debug|Any CPU.ActiveCfg = Debug|Any CPU
		{30961322-58C0-C30A-E701-9E3CE81378E4}.Debug|Any CPU.Build.0 = Debug|Any CPU
		{30961322-58C0-C30A-E701-9E3CE81378E4}.Release|Any CPU.ActiveCfg = Release|Any CPU
		{30961322-58C0-C30A-E701-9E3CE81378E4}.Release|Any CPU.Build.0 = Release|Any CPU
		{0CEA7C12-D878-3359-B363-C96AC629F9A0}.Debug|Any CPU.ActiveCfg = Debug|Any CPU
		{0CEA7C12-D878-3359-B363-C96AC629F9A0}.Debug|Any CPU.Build.0 = Debug|Any CPU
		{0CEA7C12-D878-3359-B363-C96AC629F9A0}.Release|Any CPU.ActiveCfg = Release|Any CPU
		{0CEA7C12-D878-3359-B363-C96AC629F9A0}.Release|Any CPU.Build.0 = Release|Any CPU
		{04C40DC3-9F93-DBD6-472E-88E07672B717}.Debug|Any CPU.ActiveCfg = Debug|Any CPU
		{04C40DC3-9F93-DBD6-472E-88E07672B717}.Debug|Any CPU.Build.0 = Debug|Any CPU
		{04C40DC3-9F93-DBD6-472E-88E07672B717}.Release|Any CPU.ActiveCfg = Release|Any CPU
		{04C40DC3-9F93-DBD6-472E-88E07672B717}.Release|Any CPU.Build.0 = Release|Any CPU
		{EBD4EE3E-3779-A19D-2481-5053C143391C}.Debug|Any CPU.ActiveCfg = Debug|Any CPU
		{EBD4EE3E-3779-A19D-2481-5053C143391C}.Debug|Any CPU.Build.0 = Debug|Any CPU
		{EBD4EE3E-3779-A19D-2481-5053C143391C}.Release|Any CPU.ActiveCfg = Release|Any CPU
		{EBD4EE3E-3779-A19D-2481-5053C143391C}.Release|Any CPU.Build.0 = Release|Any CPU
		{1B212ABE-01F8-3207-D4B4-C10AEA159980}.Debug|Any CPU.ActiveCfg = Debug|Any CPU
		{1B212ABE-01F8-3207-D4B4-C10AEA159980}.Debug|Any CPU.Build.0 = Debug|Any CPU
		{1B212ABE-01F8-3207-D4B4-C10AEA159980}.Release|Any CPU.ActiveCfg = Release|Any CPU
		{1B212ABE-01F8-3207-D4B4-C10AEA159980}.Release|Any CPU.Build.0 = Release|Any CPU
		{AB3A4892-D6F5-9EB3-AFDC-99E325DAFF06}.Debug|Any CPU.ActiveCfg = Debug|Any CPU
		{AB3A4892-D6F5-9EB3-AFDC-99E325DAFF06}.Debug|Any CPU.Build.0 = Debug|Any CPU
		{AB3A4892-D6F5-9EB3-AFDC-99E325DAFF06}.Release|Any CPU.ActiveCfg = Release|Any CPU
		{AB3A4892-D6F5-9EB3-AFDC-99E325DAFF06}.Release|Any CPU.Build.0 = Release|Any CPU
	EndGlobalSection
	GlobalSection(SolutionProperties) = preSolution
		HideSolutionNode = FALSE
	EndGlobalSection
EndGlobal
